
Microsoft Visual Studio Solution File, Format Version 12.00
# Visual Studio 2013
VisualStudioVersion = 12.0.31101.0
MinimumVisualStudioVersion = 10.0.40219.1
Project("{FAE04EC0-301F-11D3-BF4B-00C04F79EFBC}") = "Minimax", "Minimax\Minimax.csproj", "{3901C10F-E59C-48EA-BB1F-36A28A437F5E}"
EndProject
Project("{FAE04EC0-301F-11D3-BF4B-00C04F79EFBC}") = "TicTacToe", "TicTacToe\TicTacToe.csproj", "{FB1DB4DF-8F4C-4EEF-A2AA-A07AA4CFB772}"
EndProject
Project("{FAE04EC0-301F-11D3-BF4B-00C04F79EFBC}") = "UnitTest", "UnitTest\UnitTest.csproj", "{F15FEC99-0639-4DC6-AF4A-04E6C95FF96A}"
EndProject
Global
	GlobalSection(SolutionConfigurationPlatforms) = preSolution
		Debug|Any CPU = Debug|Any CPU
		Release|Any CPU = Release|Any CPU
	EndGlobalSection
	GlobalSection(ProjectConfigurationPlatforms) = postSolution
		{3901C10F-E59C-48EA-BB1F-36A28A437F5E}.Debug|Any CPU.ActiveCfg = Debug|Any CPU
		{3901C10F-E59C-48EA-BB1F-36A28A437F5E}.Debug|Any CPU.Build.0 = Debug|Any CPU
		{3901C10F-E59C-48EA-BB1F-36A28A437F5E}.Release|Any CPU.ActiveCfg = Release|Any CPU
		{3901C10F-E59C-48EA-BB1F-36A28A437F5E}.Release|Any CPU.Build.0 = Release|Any CPU
		{FB1DB4DF-8F4C-4EEF-A2AA-A07AA4CFB772}.Debug|Any CPU.ActiveCfg = Debug|Any CPU
		{FB1DB4DF-8F4C-4EEF-A2AA-A07AA4CFB772}.Debug|Any CPU.Build.0 = Debug|Any CPU
		{FB1DB4DF-8F4C-4EEF-A2AA-A07AA4CFB772}.Release|Any CPU.ActiveCfg = Release|Any CPU
		{FB1DB4DF-8F4C-4EEF-A2AA-A07AA4CFB772}.Release|Any CPU.Build.0 = Release|Any CPU
		{F15FEC99-0639-4DC6-AF4A-04E6C95FF96A}.Debug|Any CPU.ActiveCfg = Debug|Any CPU
		{F15FEC99-0639-4DC6-AF4A-04E6C95FF96A}.Debug|Any CPU.Build.0 = Debug|Any CPU
		{F15FEC99-0639-4DC6-AF4A-04E6C95FF96A}.Release|Any CPU.ActiveCfg = Release|Any CPU
		{F15FEC99-0639-4DC6-AF4A-04E6C95FF96A}.Release|Any CPU.Build.0 = Release|Any CPU
	EndGlobalSection
	GlobalSection(SolutionProperties) = preSolution
		HideSolutionNode = FALSE
	EndGlobalSection
EndGlobal
